PODS:
  - FlutterMacOS (1.0.0)
  - Sparkle (2.6.4)

DEPENDENCIES:
  - FlutterMacOS (from `Flutter/ephemeral`)
  - Sparkle (~> 2.6.4)

SPEC REPOS:
  trunk:
    - Sparkle

EXTERNAL SOURCES:
  FlutterMacOS:
    :path: Flutter/ephemeral

SPEC CHECKSUMS:
  FlutterMacOS: 8f6f14fa908a6fb3fba0cd85dbd81ec4b251fb24
  Sparkle: 5f8960a7a119aa7d45dacc0d5837017170bc5675

PODFILE CHECKSUM: 95779b9a604ccf7487067bafba0f744e3dd24330

COCOAPODS: 1.15.2
